
Microsoft Visual Studio Solution File, Format Version 12.00
# Visual Studio Version 17
VisualStudioVersion = 17.13.35931.197
MinimumVisualStudioVersion = 10.0.40219.1
Project("{FAE04EC0-301F-11D3-BF4B-00C04F79EFBC}") = "Agile_Aggregator.Api", "Agile_Aggregator.Api\Agile_Aggregator.Api.csproj", "{F7F56B86-EE47-DB20-665A-5332C581FEE1}"
EndProject
Project("{FAE04EC0-301F-11D3-BF4B-00C04F79EFBC}") = "Agile_Aggregator.Application", "Agile_Aggregator.Application\Agile_Aggregator.Application.csproj", "{7A64311B-F54C-352B-5E07-67FBD3CD0D26}"
EndProject
Project("{FAE04EC0-301F-11D3-BF4B-00C04F79EFBC}") = "Agile_Aggregator.Domain", "Agile_Aggregator.Domain\Agile_Aggregator.Domain.csproj", "{914617F5-8C05-6D57-C63C-3CD70BCE2C45}"
EndProject
Project("{FAE04EC0-301F-11D3-BF4B-00C04F79EFBC}") = "Agile_Aggregator.Infrastructure", "Agile_Aggregator.Infrastructure\Agile_Aggregator.Infrastructure.csproj", "{2C6C156F-F035-979F-5926-F43697B91B9D}"
EndProject
Project("{FAE04EC0-301F-11D3-BF4B-00C04F79EFBC}") = "Agile_Aggregator.Tests", "Agile_Aggregator.Tests\Agile_Aggregator.Tests.csproj", "{1736D2EC-60C6-B295-FB30-8179AE4AF2A3}"
EndProject
Global
	GlobalSection(SolutionConfigurationPlatforms) = preSolution
		Debug|Any CPU = Debug|Any CPU
		Release|Any CPU = Release|Any CPU
	EndGlobalSection
	GlobalSection(ProjectConfigurationPlatforms) = postSolution
		{F7F56B86-EE47-DB20-665A-5332C581FEE1}.Debug|Any CPU.ActiveCfg = Debug|Any CPU
		{F7F56B86-EE47-DB20-665A-5332C581FEE1}.Debug|Any CPU.Build.0 = Debug|Any CPU
		{F7F56B86-EE47-DB20-665A-5332C581FEE1}.Release|Any CPU.ActiveCfg = Release|Any CPU
		{F7F56B86-EE47-DB20-665A-5332C581FEE1}.Release|Any CPU.Build.0 = Release|Any CPU
		{7A64311B-F54C-352B-5E07-67FBD3CD0D26}.Debug|Any CPU.ActiveCfg = Debug|Any CPU
		{7A64311B-F54C-352B-5E07-67FBD3CD0D26}.Debug|Any CPU.Build.0 = Debug|Any CPU
		{7A64311B-F54C-352B-5E07-67FBD3CD0D26}.Release|Any CPU.ActiveCfg = Release|Any CPU
		{7A64311B-F54C-352B-5E07-67FBD3CD0D26}.Release|Any CPU.Build.0 = Release|Any CPU
		{914617F5-8C05-6D57-C63C-3CD70BCE2C45}.Debug|Any CPU.ActiveCfg = Debug|Any CPU
		{914617F5-8C05-6D57-C63C-3CD70BCE2C45}.Debug|Any CPU.Build.0 = Debug|Any CPU
		{914617F5-8C05-6D57-C63C-3CD70BCE2C45}.Release|Any CPU.ActiveCfg = Release|Any CPU
		{914617F5-8C05-6D57-C63C-3CD70BCE2C45}.Release|Any CPU.Build.0 = Release|Any CPU
		{2C6C156F-F035-979F-5926-F43697B91B9D}.Debug|Any CPU.ActiveCfg = Debug|Any CPU
		{2C6C156F-F035-979F-5926-F43697B91B9D}.Debug|Any CPU.Build.0 = Debug|Any CPU
		{2C6C156F-F035-979F-5926-F43697B91B9D}.Release|Any CPU.ActiveCfg = Release|Any CPU
		{2C6C156F-F035-979F-5926-F43697B91B9D}.Release|Any CPU.Build.0 = Release|Any CPU
		{1736D2EC-60C6-B295-FB30-8179AE4AF2A3}.Debug|Any CPU.ActiveCfg = Debug|Any CPU
		{1736D2EC-60C6-B295-FB30-8179AE4AF2A3}.Debug|Any CPU.Build.0 = Debug|Any CPU
		{1736D2EC-60C6-B295-FB30-8179AE4AF2A3}.Release|Any CPU.ActiveCfg = Release|Any CPU
		{1736D2EC-60C6-B295-FB30-8179AE4AF2A3}.Release|Any CPU.Build.0 = Release|Any CPU
	EndGlobalSection
	GlobalSection(SolutionProperties) = preSolution
		HideSolutionNode = FALSE
	EndGlobalSection
	GlobalSection(ExtensibilityGlobals) = postSolution
		SolutionGuid = {1E6DB860-673D-4DB5-A4E6-5802B40F9846}
	EndGlobalSection
EndGlobal
